// !$*UTF8*$!
{
	archiveVersion = 1;
	classes = {
	};
	objectVersion = 50;
	objects = {

/* Begin PBXBuildFile section */
		6012C0F6213C852900B0C1E4 /* ShopListTableViewController.swift in Sources */ = {isa = PBXBuildFile; fileRef = 6012C0F5213C852900B0C1E4 /* ShopListTableViewController.swift */; };
		6012C0F8213C860C00B0C1E4 /* ProductViewController.swift in Sources */ = {isa = PBXBuildFile; fileRef = 6012C0F7213C860C00B0C1E4 /* ProductViewController.swift */; };
		6012C0FA213C86BF00B0C1E4 /* AdjustsViewController.swift in Sources */ = {isa = PBXBuildFile; fileRef = 6012C0F9213C86BF00B0C1E4 /* AdjustsViewController.swift */; };
		6012C0FC213C872900B0C1E4 /* TotalViewController.swift in Sources */ = {isa = PBXBuildFile; fileRef = 6012C0FB213C872900B0C1E4 /* TotalViewController.swift */; };
		6012C100213C919B00B0C1E4 /* AdjustsTableViewCell.swift in Sources */ = {isa = PBXBuildFile; fileRef = 6012C0FF213C919B00B0C1E4 /* AdjustsTableViewCell.swift */; };
		60289D1A2130596600946155 /* AppDelegate.swift in Sources */ = {isa = PBXBuildFile; fileRef = 60289D192130596600946155 /* AppDelegate.swift */; };
		60289D1C2130596600946155 /* ViewController.swift in Sources */ = {isa = PBXBuildFile; fileRef = 60289D1B2130596600946155 /* ViewController.swift */; };
		60289D1F2130596600946155 /* Main.storyboard in Resources */ = {isa = PBXBuildFile; fileRef = 60289D1D2130596600946155 /* Main.storyboard */; };
		60289D222130596600946155 /* AndreyArtur.xcdatamodeld in Sources */ = {isa = PBXBuildFile; fileRef = 60289D202130596600946155 /* AndreyArtur.xcdatamodeld */; };
		60289D242130597700946155 /* Assets.xcassets in Resources */ = {isa = PBXBuildFile; fileRef = 60289D232130597700946155 /* Assets.xcassets */; };
		60289D272130597700946155 /* LaunchScreen.storyboard in Resources */ = {isa = PBXBuildFile; fileRef = 60289D252130597700946155 /* LaunchScreen.storyboard */; };
		604C3AA42142A05C001F4018 /* Settings.bundle in Resources */ = {isa = PBXBuildFile; fileRef = 604C3AA32142A05C001F4018 /* Settings.bundle */; };
		604C3AA62142A273001F4018 /* UIViewController+CoreDataViewController.swift in Sources */ = {isa = PBXBuildFile; fileRef = 604C3AA52142A273001F4018 /* UIViewController+CoreDataViewController.swift */; };
		60893ABA214C754C004FD1BB /* ShopListTableViewCell.swift in Sources */ = {isa = PBXBuildFile; fileRef = 60893AB9214C754C004FD1BB /* ShopListTableViewCell.swift */; };
/* End PBXBuildFile section */

/* Begin PBXFileReference section */
		6012C0F5213C852900B0C1E4 /* ShopListTableViewController.swift */ = {isa = PBXFileReference; lastKnownFileType = sourcecode.swift; path = ShopListTableViewController.swift; sourceTree = "<group>"; };
		6012C0F7213C860C00B0C1E4 /* ProductViewController.swift */ = {isa = PBXFileReference; lastKnownFileType = sourcecode.swift; path = ProductViewController.swift; sourceTree = "<group>"; };
		6012C0F9213C86BF00B0C1E4 /* AdjustsViewController.swift */ = {isa = PBXFileReference; lastKnownFileType = sourcecode.swift; path = AdjustsViewController.swift; sourceTree = "<group>"; };
		6012C0FB213C872900B0C1E4 /* TotalViewController.swift */ = {isa = PBXFileReference; lastKnownFileType = sourcecode.swift; path = TotalViewController.swift; sourceTree = "<group>"; };
		6012C0FF213C919B00B0C1E4 /* AdjustsTableViewCell.swift */ = {isa = PBXFileReference; lastKnownFileType = sourcecode.swift; path = AdjustsTableViewCell.swift; sourceTree = "<group>"; };
		60289D162130596600946155 /* AndreyArtur.app */ = {isa = PBXFileReference; explicitFileType = wrapper.application; includeInIndex = 0; path = AndreyArtur.app; sourceTree = BUILT_PRODUCTS_DIR; };
		60289D192130596600946155 /* AppDelegate.swift */ = {isa = PBXFileReference; lastKnownFileType = sourcecode.swift; path = AppDelegate.swift; sourceTree = "<group>"; };
		60289D1B2130596600946155 /* ViewController.swift */ = {isa = PBXFileReference; lastKnownFileType = sourcecode.swift; path = ViewController.swift; sourceTree = "<group>"; };
		60289D1E2130596600946155 /* Base */ = {isa = PBXFileReference; lastKnownFileType = file.storyboard; name = Base; path = Base.lproj/Main.storyboard; sourceTree = "<group>"; };
		60289D212130596600946155 /* AndreyArtur.xcdatamodel */ = {isa = PBXFileReference; lastKnownFileType = wrapper.xcdatamodel; path = AndreyArtur.xcdatamodel; sourceTree = "<group>"; };
		60289D232130597700946155 /* Assets.xcassets */ = {isa = PBXFileReference; lastKnownFileType = folder.assetcatalog; path = Assets.xcassets; sourceTree = "<group>"; };
		60289D262130597700946155 /* Base */ = {isa = PBXFileReference; lastKnownFileType = file.storyboard; name = Base; path = Base.lproj/LaunchScreen.storyboard; sourceTree = "<group>"; };
		60289D282130597700946155 /* Info.plist */ = {isa = PBXFileReference; lastKnownFileType = text.plist.xml; path = Info.plist; sourceTree = "<group>"; };
		604C3AA32142A05C001F4018 /* Settings.bundle */ = {isa = PBXFileReference; lastKnownFileType = "wrapper.plug-in"; path = Settings.bundle; sourceTree = "<group>"; };
		604C3AA52142A273001F4018 /* UIViewController+CoreDataViewController.swift */ = {isa = PBXFileReference; lastKnownFileType = sourcecode.swift; path = "UIViewController+CoreDataViewController.swift"; sourceTree = "<group>"; };
		60893AB9214C754C004FD1BB /* ShopListTableViewCell.swift */ = {isa = PBXFileReference; lastKnownFileType = sourcecode.swift; path = ShopListTableViewCell.swift; sourceTree = "<group>"; };
/* End PBXFileReference section */

/* Begin PBXFrameworksBuildPhase section */
		60289D132130596600946155 /* Frameworks */ = {
			isa = PBXFrameworksBuildPhase;
			buildActionMask = 2147483647;
			files = (
			);
			runOnlyForDeploymentPostprocessing = 0;
		};
/* End PBXFrameworksBuildPhase section */

/* Begin PBXGroup section */
		60289D0D2130596600946155 = {
			isa = PBXGroup;
			children = (
				60289D182130596600946155 /* AndreyArtur */,
				60289D172130596600946155 /* Products */,
			);
			sourceTree = "<group>";
		};
		60289D172130596600946155 /* Products */ = {
			isa = PBXGroup;
			children = (
				60289D162130596600946155 /* AndreyArtur.app */,
			);
			name = Products;
			sourceTree = "<group>";
		};
		60289D182130596600946155 /* AndreyArtur */ = {
			isa = PBXGroup;
			children = (
				60289D192130596600946155 /* AppDelegate.swift */,
				60289D1B2130596600946155 /* ViewController.swift */,
				60289D1D2130596600946155 /* Main.storyboard */,
				6012C0FF213C919B00B0C1E4 /* AdjustsTableViewCell.swift */,
				60289D232130597700946155 /* Assets.xcassets */,
				60289D252130597700946155 /* LaunchScreen.storyboard */,
				60289D282130597700946155 /* Info.plist */,
				60289D202130596600946155 /* AndreyArtur.xcdatamodeld */,
				6012C0F5213C852900B0C1E4 /* ShopListTableViewController.swift */,
				6012C0F7213C860C00B0C1E4 /* ProductViewController.swift */,
				6012C0F9213C86BF00B0C1E4 /* AdjustsViewController.swift */,
				6012C0FB213C872900B0C1E4 /* TotalViewController.swift */,
				604C3AA32142A05C001F4018 /* Settings.bundle */,
				604C3AA52142A273001F4018 /* UIViewController+CoreDataViewController.swift */,
				60893AB9214C754C004FD1BB /* ShopListTableViewCell.swift */,
			);
			path = AndreyArtur;
			sourceTree = "<group>";
		};
/* End PBXGroup section */

/* Begin PBXNativeTarget section */
		60289D152130596600946155 /* AndreyArtur */ = {
			isa = PBXNativeTarget;
			buildConfigurationList = 60289D2B2130597700946155 /* Build configuration list for PBXNativeTarget "AndreyArtur" */;
			buildPhases = (
				60289D122130596600946155 /* Sources */,
				60289D132130596600946155 /* Frameworks */,
				60289D142130596600946155 /* Resources */,
			);
			buildRules = (
			);
			dependencies = (
			);
			name = AndreyArtur;
			productName = AndreyArtur;
			productReference = 60289D162130596600946155 /* AndreyArtur.app */;
			productType = "com.apple.product-type.application";
		};
/* End PBXNativeTarget section */

/* Begin PBXProject section */
		60289D0E2130596600946155 /* Project object */ = {
			isa = PBXProject;
			attributes = {
				LastSwiftUpdateCheck = 0930;
				LastUpgradeCheck = 0930;
				ORGANIZATIONNAME = FIAP;
				TargetAttributes = {
					60289D152130596600946155 = {
						CreatedOnToolsVersion = 9.3;
					};
				};
			};
			buildConfigurationList = 60289D112130596600946155 /* Build configuration list for PBXProject "AndreyArtur" */;
			compatibilityVersion = "Xcode 9.3";
			developmentRegion = en;
			hasScannedForEncodings = 0;
			knownRegions = (
				en,
				Base,
			);
			mainGroup = 60289D0D2130596600946155;
			productRefGroup = 60289D172130596600946155 /* Products */;
			projectDirPath = "";
			projectRoot = "";
			targets = (
				60289D152130596600946155 /* AndreyArtur */,
			);
		};
/* End PBXProject section */

/* Begin PBXResourcesBuildPhase section */
		60289D142130596600946155 /* Resources */ = {
			isa = PBXResourcesBuildPhase;
			buildActionMask = 2147483647;
			files = (
				604C3AA42142A05C001F4018 /* Settings.bundle in Resources */,
				60289D272130597700946155 /* LaunchScreen.storyboard in Resources */,
				60289D242130597700946155 /* Assets.xcassets in Resources */,
				60289D1F2130596600946155 /* Main.storyboard in Resources */,
			);
			runOnlyForDeploymentPostprocessing = 0;
		};
/* End PBXResourcesBuildPhase section */

/* Begin PBXSourcesBuildPhase section */
		60289D122130596600946155 /* Sources */ = {
			isa = PBXSourcesBuildPhase;
			buildActionMask = 2147483647;
			files = (
				6012C0FC213C872900B0C1E4 /* TotalViewController.swift in Sources */,
				60289D222130596600946155 /* AndreyArtur.xcdatamodeld in Sources */,
				604C3AA62142A273001F4018 /* UIViewController+CoreDataViewController.swift in Sources */,
				6012C0FA213C86BF00B0C1E4 /* AdjustsViewController.swift in Sources */,
				60289D1C2130596600946155 /* ViewController.swift in Sources */,
				60893ABA214C754C004FD1BB /* ShopListTableViewCell.swift in Sources */,
				60289D1A2130596600946155 /* AppDelegate.swift in Sources */,
				6012C0F8213C860C00B0C1E4 /* ProductViewController.swift in Sources */,
				6012C100213C919B00B0C1E4 /* AdjustsTableViewCell.swift in Sources */,
				6012C0F6213C852900B0C1E4 /* ShopListTableViewController.swift in Sources */,
			);
			runOnlyForDeploymentPostprocessing = 0;
		};
/* End PBXSourcesBuildPhase section */

/* Begin PBXVariantGroup section */
		60289D1D2130596600946155 /* Main.storyboard */ = {
			isa = PBXVariantGroup;
			children = (
				60289D1E2130596600946155 /* Base */,
			);
			name = Main.storyboard;
			sourceTree = "<group>";
		};
		60289D252130597700946155 /* LaunchScreen.storyboard */ = {
			isa = PBXVariantGroup;
			children = (
				60289D262130597700946155 /* Base */,
			);
			name = LaunchScreen.storyboard;
			sourceTree = "<group>";
		};
/* End PBXVariantGroup section */

/* Begin XCBuildConfiguration section */
		60289D292130597700946155 /* Debug */ = {
			isa = XCBuildConfiguration;
			buildSettings = {
				ALWAYS_SEARCH_USER_PATHS = NO;
				CLANG_ANALYZER_NONNULL = YES;
				CLANG_ANALYZER_NUMBER_OBJECT_CONVERSION = YES_AGGRESSIVE;
				CLANG_CXX_LANGUAGE_STANDARD = "gnu++14";
				CLANG_CXX_LIBRARY = "libc++";
				CLANG_ENABLE_MODULES = YES;
				CLANG_ENABLE_OBJC_ARC = YES;
				CLANG_ENABLE_OBJC_WEAK = YES;
				CLANG_WARN_BLOCK_CAPTURE_AUTORELEASING = YES;
				CLANG_WARN_BOOL_CONVERSION = YES;
				CLANG_WARN_COMMA = YES;
				CLANG_WARN_CONSTANT_CONVERSION = YES;
				CLANG_WARN_DEPRECATED_OBJC_IMPLEMENTATIONS = YES;
				CLANG_WARN_DIRECT_OBJC_ISA_USAGE = YES_ERROR;
				CLANG_WARN_DOCUMENTATION_COMMENTS = YES;
				CLANG_WARN_EMPTY_BODY = YES;
				CLANG_WARN_ENUM_CONVERSION = YES;
				CLANG_WARN_INFINITE_RECURSION = YES;
				CLANG_WARN_INT_CONVERSION = YES;
				CLANG_WARN_NON_LITERAL_NULL_CONVERSION = YES;
				CLANG_WARN_OBJC_IMPLICIT_RETAIN_SELF = YES;
				CLANG_WARN_OBJC_LITERAL_CONVERSION = YES;
				CLANG_WARN_OBJC_ROOT_CLASS = YES_ERROR;
				CLANG_WARN_RANGE_LOOP_ANALYSIS = YES;
				CLANG_WARN_STRICT_PROTOTYPES = YES;
				CLANG_WARN_SUSPICIOUS_MOVE = YES;
				CLANG_WARN_UNGUARDED_AVAILABILITY = YES_AGGRESSIVE;
				CLANG_WARN_UNREACHABLE_CODE = YES;
				CLANG_WARN__DUPLICATE_METHOD_MATCH = YES;
				CODE_SIGN_IDENTITY = "iPhone Developer";
				COPY_PHASE_STRIP = NO;
				DEBUG_INFORMATION_FORMAT = dwarf;
				ENABLE_STRICT_OBJC_MSGSEND = YES;
				ENABLE_TESTABILITY = YES;
				GCC_C_LANGUAGE_STANDARD = gnu11;
				GCC_DYNAMIC_NO_PIC = NO;
				GCC_NO_COMMON_BLOCKS = YES;
				GCC_OPTIMIZATION_LEVEL = 0;
				GCC_PREPROCESSOR_DEFINITIONS = (
					"DEBUG=1",
					"$(inherited)",
				);
				GCC_WARN_64_TO_32_BIT_CONVERSION = YES;
				GCC_WARN_ABOUT_RETURN_TYPE = YES_ERROR;
				GCC_WARN_UNDECLARED_SELECTOR = YES;
				GCC_WARN_UNINITIALIZED_AUTOS = YES_AGGRESSIVE;
				GCC_WARN_UNUSED_FUNCTION = YES;
				GCC_WARN_UNUSED_VARIABLE = YES;
				IPHONEOS_DEPLOYMENT_TARGET = 11.3;
				MTL_ENABLE_DEBUG_INFO = YES;
				ONLY_ACTIVE_ARCH = YES;
				SDKROOT = iphoneos;
				SWIFT_ACTIVE_COMPILATION_CONDITIONS = DEBUG;
				SWIFT_OPTIMIZATION_LEVEL = "-Onone";
			};
			name = Debug;
		};
		60289D2A2130597700946155 /* Release */ = {
			isa = XCBuildConfiguration;
			buildSettings = {
				ALWAYS_SEARCH_USER_PATHS = NO;
				CLANG_ANALYZER_NONNULL = YES;
				CLANG_ANALYZER_NUMBER_OBJECT_CONVERSION = YES_AGGRESSIVE;
				CLANG_CXX_LANGUAGE_STANDARD = "gnu++14";
				CLANG_CXX_LIBRARY = "libc++";
				CLANG_ENABLE_MODULES = YES;
				CLANG_ENABLE_OBJC_ARC = YES;
				CLANG_ENABLE_OBJC_WEAK = YES;
				CLANG_WARN_BLOCK_CAPTURE_AUTORELEASING = YES;
				CLANG_WARN_BOOL_CONVERSION = YES;
				CLANG_WARN_COMMA = YES;
				CLANG_WARN_CONSTANT_CONVERSION = YES;
				CLANG_WARN_DEPRECATED_OBJC_IMPLEMENTATIONS = YES;
				CLANG_WARN_DIRECT_OBJC_ISA_USAGE = YES_ERROR;
				CLANG_WARN_DOCUMENTATION_COMMENTS = YES;
				CLANG_WARN_EMPTY_BODY = YES;
				CLANG_WARN_ENUM_CONVERSION = YES;
				CLANG_WARN_INFINITE_RECURSION = YES;
				CLANG_WARN_INT_CONVERSION = YES;
				CLANG_WARN_NON_LITERAL_NULL_CONVERSION = YES;
				CLANG_WARN_OBJC_IMPLICIT_RETAIN_SELF = YES;
				CLANG_WARN_OBJC_LITERAL_CONVERSION = YES;
				CLANG_WARN_OBJC_ROOT_CLASS = YES_ERROR;
				CLANG_WARN_RANGE_LOOP_ANALYSIS = YES;
				CLANG_WARN_STRICT_PROTOTYPES = YES;
				CLANG_WARN_SUSPICIOUS_MOVE = YES;
				CLANG_WARN_UNGUARDED_AVAILABILITY = YES_AGGRESSIVE;
				CLANG_WARN_UNREACHABLE_CODE = YES;
				CLANG_WARN__DUPLICATE_METHOD_MATCH = YES;
				CODE_SIGN_IDENTITY = "iPhone Developer";
				COPY_PHASE_STRIP = NO;
				DEBUG_INFORMATION_FORMAT = "dwarf-with-dsym";
				ENABLE_NS_ASSERTIONS = NO;
				ENABLE_STRICT_OBJC_MSGSEND = YES;
				GCC_C_LANGUAGE_STANDARD = gnu11;
				GCC_NO_COMMON_BLOCKS = YES;
				GCC_WARN_64_TO_32_BIT_CONVERSION = YES;
				GCC_WARN_ABOUT_RETURN_TYPE = YES_ERROR;
				GCC_WARN_UNDECLARED_SELECTOR = YES;
				GCC_WARN_UNINITIALIZED_AUTOS = YES_AGGRESSIVE;
				GCC_WARN_UNUSED_FUNCTION = YES;
				GCC_WARN_UNUSED_VARIABLE = YES;
				IPHONEOS_DEPLOYMENT_TARGET = 11.3;
				MTL_ENABLE_DEBUG_INFO = NO;
				SDKROOT = iphoneos;
				SWIFT_COMPILATION_MODE = wholemodule;
				SWIFT_OPTIMIZATION_LEVEL = "-O";
				VALIDATE_PRODUCT = YES;
			};
			name = Release;
		};
		60289D2C2130597700946155 /* Debug */ = {
			isa = XCBuildConfiguration;
			buildSettings = {
				ASSETCATALOG_COMPILER_APPICON_NAME = AppIcon;
				CODE_SIGN_STYLE = Automatic;
				INFOPLIST_FILE = AndreyArtur/Info.plist;
				LD_RUNPATH_SEARCH_PATHS = (
					"$(inherited)",
					"@executable_path/Frameworks",
				);
				PRODUCT_BUNDLE_IDENTIFIER = br.com.fiap.AndreyArtur;
				PRODUCT_NAME = "$(TARGET_NAME)";
				SWIFT_VERSION = 4.0;
				TARGETED_DEVICE_FAMILY = 1;
			};
			name = Debug;
		};
		60289D2D2130597700946155 /* Release */ = {
			isa = XCBuildConfiguration;
			buildSettings = {
				ASSETCATALOG_COMPILER_APPICON_NAME = AppIcon;
				CODE_SIGN_STYLE = Automatic;
				INFOPLIST_FILE = AndreyArtur/Info.plist;
				LD_RUNPATH_SEARCH_PATHS = (
					"$(inherited)",
					"@executable_path/Frameworks",
				);
				PRODUCT_BUNDLE_IDENTIFIER = br.com.fiap.AndreyArtur;
				PRODUCT_NAME = "$(TARGET_NAME)";
				SWIFT_VERSION = 4.0;
				TARGETED_DEVICE_FAMILY = 1;
			};
			name = Release;
		};
/* End XCBuildConfiguration section */

/* Begin XCConfigurationList section */
		60289D112130596600946155 /* Build configuration list for PBXProject "AndreyArtur" */ = {
			isa = XCConfigurationList;
			buildConfigurations = (
				60289D292130597700946155 /* Debug */,
				60289D2A2130597700946155 /* Release */,
			);
			defaultConfigurationIsVisible = 0;
			defaultConfigurationName = Release;
		};
		60289D2B2130597700946155 /* Build configuration list for PBXNativeTarget "AndreyArtur" */ = {
			isa = XCConfigurationList;
			buildConfigurations = (
				60289D2C2130597700946155 /* Debug */,
				60289D2D2130597700946155 /* Release */,
			);
			defaultConfigurationIsVisible = 0;
			defaultConfigurationName = Release;
		};
/* End XCConfigurationList section */

/* Begin XCVersionGroup section */
		60289D202130596600946155 /* AndreyArtur.xcdatamodeld */ = {
			isa = XCVersionGroup;
			children = (
				60289D212130596600946155 /* AndreyArtur.xcdatamodel */,
			);
			currentVersion = 60289D212130596600946155 /* AndreyArtur.xcdatamodel */;
			path = AndreyArtur.xcdatamodeld;
			sourceTree = "<group>";
			versionGroupType = wrapper.xcdatamodel;
		};
/* End XCVersionGroup section */
	};
	rootObject = 60289D0E2130596600946155 /* Project object */;
}
